// !$*UTF8*$!
{
	archiveVersion = 1;
	classes = {
	};
	objectVersion = 50;
	objects = {

/* Begin PBXBuildFile section */
		3A15788D2359782300D91FA1 /* Assets.xcassets in Resources */ = {isa = PBXBuildFile; fileRef = 3A15788C2359782300D91FA1 /* Assets.xcassets */; };
		3A5462022353CC9700BC7EAD /* AppDelegate.swift in Sources */ = {isa = PBXBuildFile; fileRef = 3A5462012353CC9700BC7EAD /* AppDelegate.swift */; };
		3A5462042353CC9700BC7EAD /* SceneDelegate.swift in Sources */ = {isa = PBXBuildFile; fileRef = 3A5462032353CC9700BC7EAD /* SceneDelegate.swift */; };
		3A5462062353CC9700BC7EAD /* ViewController.swift in Sources */ = {isa = PBXBuildFile; fileRef = 3A5462052353CC9700BC7EAD /* ViewController.swift */; };
		3A5462092353CC9700BC7EAD /* Main.storyboard in Resources */ = {isa = PBXBuildFile; fileRef = 3A5462072353CC9700BC7EAD /* Main.storyboard */; };
		3A54620E2353CC9800BC7EAD /* LaunchScreen.storyboard in Resources */ = {isa = PBXBuildFile; fileRef = 3A54620C2353CC9800BC7EAD /* LaunchScreen.storyboard */; };
		3A5462192353CC9800BC7EAD /* SleepyTests.swift in Sources */ = {isa = PBXBuildFile; fileRef = 3A5462182353CC9800BC7EAD /* SleepyTests.swift */; };
		3A5462242353CC9800BC7EAD /* SleepyUITests.swift in Sources */ = {isa = PBXBuildFile; fileRef = 3A5462232353CC9800BC7EAD /* SleepyUITests.swift */; };
/* End PBXBuildFile section */

/* Begin PBXContainerItemProxy section */
		3A5462152353CC9800BC7EAD /* PBXContainerItemProxy */ = {
			isa = PBXContainerItemProxy;
			containerPortal = 3A5461F62353CC9700BC7EAD /* Project object */;
			proxyType = 1;
			remoteGlobalIDString = 3A5461FD2353CC9700BC7EAD;
			remoteInfo = Sleepy;
		};
		3A5462202353CC9800BC7EAD /* PBXContainerItemProxy */ = {
			isa = PBXContainerItemProxy;
			containerPortal = 3A5461F62353CC9700BC7EAD /* Project object */;
			proxyType = 1;
			remoteGlobalIDString = 3A5461FD2353CC9700BC7EAD;
			remoteInfo = Sleepy;
		};
/* End PBXContainerItemProxy section */

/* Begin PBXFileReference section */
		3A15788C2359782300D91FA1 /* Assets.xcassets */ = {isa = PBXFileReference; lastKnownFileType = folder.assetcatalog; path = Assets.xcassets; sourceTree = "<group>"; };
		3A5461FE2353CC9700BC7EAD /* Sleepy.app */ = {isa = PBXFileReference; explicitFileType = wrapper.application; includeInIndex = 0; path = Sleepy.app; sourceTree = BUILT_PRODUCTS_DIR; };
		3A5462012353CC9700BC7EAD /* AppDelegate.swift */ = {isa = PBXFileReference; lastKnownFileType = sourcecode.swift; path = AppDelegate.swift; sourceTree = "<group>"; };
		3A5462032353CC9700BC7EAD /* SceneDelegate.swift */ = {isa = PBXFileReference; lastKnownFileType = sourcecode.swift; path = SceneDelegate.swift; sourceTree = "<group>"; };
		3A5462052353CC9700BC7EAD /* ViewController.swift */ = {isa = PBXFileReference; lastKnownFileType = sourcecode.swift; path = ViewController.swift; sourceTree = "<group>"; };
		3A5462082353CC9700BC7EAD /* Base */ = {isa = PBXFileReference; lastKnownFileType = file.storyboard; name = Base; path = Base.lproj/Main.storyboard; sourceTree = "<group>"; };
		3A54620D2353CC9800BC7EAD /* Base */ = {isa = PBXFileReference; lastKnownFileType = file.storyboard; name = Base; path = Base.lproj/LaunchScreen.storyboard; sourceTree = "<group>"; };
		3A54620F2353CC9800BC7EAD /* Info.plist */ = {isa = PBXFileReference; lastKnownFileType = text.plist.xml; path = Info.plist; sourceTree = "<group>"; };
		3A5462142353CC9800BC7EAD /* SleepyTests.xctest */ = {isa = PBXFileReference; explicitFileType = wrapper.cfbundle; includeInIndex = 0; path = SleepyTests.xctest; sourceTree = BUILT_PRODUCTS_DIR; };
		3A5462182353CC9800BC7EAD /* SleepyTests.swift */ = {isa = PBXFileReference; lastKnownFileType = sourcecode.swift; path = SleepyTests.swift; sourceTree = "<group>"; };
		3A54621A2353CC9800BC7EAD /* Info.plist */ = {isa = PBXFileReference; lastKnownFileType = text.plist.xml; path = Info.plist; sourceTree = "<group>"; };
		3A54621F2353CC9800BC7EAD /* SleepyUITests.xctest */ = {isa = PBXFileReference; explicitFileType = wrapper.cfbundle; includeInIndex = 0; path = SleepyUITests.xctest; sourceTree = BUILT_PRODUCTS_DIR; };
		3A5462232353CC9800BC7EAD /* SleepyUITests.swift */ = {isa = PBXFileReference; lastKnownFileType = sourcecode.swift; path = SleepyUITests.swift; sourceTree = "<group>"; };
		3A5462252353CC9800BC7EAD /* Info.plist */ = {isa = PBXFileReference; lastKnownFileType = text.plist.xml; path = Info.plist; sourceTree = "<group>"; };
/* End PBXFileReference section */

/* Begin PBXFrameworksBuildPhase section */
		3A5461FB2353CC9700BC7EAD /* Frameworks */ = {
			isa = PBXFrameworksBuildPhase;
			buildActionMask = 2147483647;
			files = (
			);
			runOnlyForDeploymentPostprocessing = 0;
		};
		3A5462112353CC9800BC7EAD /* Frameworks */ = {
			isa = PBXFrameworksBuildPhase;
			buildActionMask = 2147483647;
			files = (
			);
			runOnlyForDeploymentPostprocessing = 0;
		};
		3A54621C2353CC9800BC7EAD /* Frameworks */ = {
			isa = PBXFrameworksBuildPhase;
			buildActionMask = 2147483647;
			files = (
			);
			runOnlyForDeploymentPostprocessing = 0;
		};
/* End PBXFrameworksBuildPhase section */

/* Begin PBXGroup section */
		3A5461F52353CC9700BC7EAD = {
			isa = PBXGroup;
			children = (
				3A5462002353CC9700BC7EAD /* Sleepy */,
				3A5462172353CC9800BC7EAD /* SleepyTests */,
				3A5462222353CC9800BC7EAD /* SleepyUITests */,
				3A5461FF2353CC9700BC7EAD /* Products */,
			);
			sourceTree = "<group>";
		};
		3A5461FF2353CC9700BC7EAD /* Products */ = {
			isa = PBXGroup;
			children = (
				3A5461FE2353CC9700BC7EAD /* Sleepy.app */,
				3A5462142353CC9800BC7EAD /* SleepyTests.xctest */,
				3A54621F2353CC9800BC7EAD /* SleepyUITests.xctest */,
			);
			name = Products;
			sourceTree = "<group>";
		};
		3A5462002353CC9700BC7EAD /* Sleepy */ = {
			isa = PBXGroup;
			children = (
				3A5462012353CC9700BC7EAD /* AppDelegate.swift */,
				3A5462032353CC9700BC7EAD /* SceneDelegate.swift */,
				3A5462052353CC9700BC7EAD /* ViewController.swift */,
				3A5462072353CC9700BC7EAD /* Main.storyboard */,
				3A54620C2353CC9800BC7EAD /* LaunchScreen.storyboard */,
				3A15788C2359782300D91FA1 /* Assets.xcassets */,
				3A54620F2353CC9800BC7EAD /* Info.plist */,
			);
			path = Sleepy;
			sourceTree = "<group>";
		};
		3A5462172353CC9800BC7EAD /* SleepyTests */ = {
			isa = PBXGroup;
			children = (
				3A5462182353CC9800BC7EAD /* SleepyTests.swift */,
				3A54621A2353CC9800BC7EAD /* Info.plist */,
			);
			path = SleepyTests;
			sourceTree = "<group>";
		};
		3A5462222353CC9800BC7EAD /* SleepyUITests */ = {
			isa = PBXGroup;
			children = (
				3A5462232353CC9800BC7EAD /* SleepyUITests.swift */,
				3A5462252353CC9800BC7EAD /* Info.plist */,
			);
			path = SleepyUITests;
			sourceTree = "<group>";
		};
/* End PBXGroup section */

/* Begin PBXNativeTarget section */
		3A5461FD2353CC9700BC7EAD /* Sleepy */ = {
			isa = PBXNativeTarget;
			buildConfigurationList = 3A5462282353CC9800BC7EAD /* Build configuration list for PBXNativeTarget "Sleepy" */;
			buildPhases = (
				3A5461FA2353CC9700BC7EAD /* Sources */,
				3A5461FB2353CC9700BC7EAD /* Frameworks */,
				3A5461FC2353CC9700BC7EAD /* Resources */,
			);
			buildRules = (
			);
			dependencies = (
			);
			name = Sleepy;
			productName = Sleepy;
			productReference = 3A5461FE2353CC9700BC7EAD /* Sleepy.app */;
			productType = "com.apple.product-type.application";
		};
		3A5462132353CC9800BC7EAD /* SleepyTests */ = {
			isa = PBXNativeTarget;
			buildConfigurationList = 3A54622B2353CC9800BC7EAD /* Build configuration list for PBXNativeTarget "SleepyTests" */;
			buildPhases = (
				3A5462102353CC9800BC7EAD /* Sources */,
				3A5462112353CC9800BC7EAD /* Frameworks */,
				3A5462122353CC9800BC7EAD /* Resources */,
			);
			buildRules = (
			);
			dependencies = (
				3A5462162353CC9800BC7EAD /* PBXTargetDependency */,
			);
			name = SleepyTests;
			productName = SleepyTests;
			productReference = 3A5462142353CC9800BC7EAD /* SleepyTests.xctest */;
			productType = "com.apple.product-type.bundle.unit-test";
		};
		3A54621E2353CC9800BC7EAD /* SleepyUITests */ = {
			isa = PBXNativeTarget;
			buildConfigurationList = 3A54622E2353CC9800BC7EAD /* Build configuration list for PBXNativeTarget "SleepyUITests" */;
			buildPhases = (
				3A54621B2353CC9800BC7EAD /* Sources */,
				3A54621C2353CC9800BC7EAD /* Frameworks */,
				3A54621D2353CC9800BC7EAD /* Resources */,
			);
			buildRules = (
			);
			dependencies = (
				3A5462212353CC9800BC7EAD /* PBXTargetDependency */,
			);
			name = SleepyUITests;
			productName = SleepyUITests;
			productReference = 3A54621F2353CC9800BC7EAD /* SleepyUITests.xctest */;
			productType = "com.apple.product-type.bundle.ui-testing";
		};
/* End PBXNativeTarget section */

/* Begin PBXProject section */
		3A5461F62353CC9700BC7EAD /* Project object */ = {
			isa = PBXProject;
			attributes = {
				LastSwiftUpdateCheck = 1100;
				LastUpgradeCheck = 1100;
				ORGANIZATIONNAME = "Roman Rakhlin";
				TargetAttributes = {
					3A5461FD2353CC9700BC7EAD = {
						CreatedOnToolsVersion = 11.0;
					};
					3A5462132353CC9800BC7EAD = {
						CreatedOnToolsVersion = 11.0;
						TestTargetID = 3A5461FD2353CC9700BC7EAD;
					};
					3A54621E2353CC9800BC7EAD = {
						CreatedOnToolsVersion = 11.0;
						TestTargetID = 3A5461FD2353CC9700BC7EAD;
					};
				};
			};
			buildConfigurationList = 3A5461F92353CC9700BC7EAD /* Build configuration list for PBXProject "Sleepy" */;
			compatibilityVersion = "Xcode 9.3";
			developmentRegion = en;
			hasScannedForEncodings = 0;
			knownRegions = (
				en,
				Base,
			);
			mainGroup = 3A5461F52353CC9700BC7EAD;
			productRefGroup = 3A5461FF2353CC9700BC7EAD /* Products */;
			projectDirPath = "";
			projectRoot = "";
			targets = (
				3A5461FD2353CC9700BC7EAD /* Sleepy */,
				3A5462132353CC9800BC7EAD /* SleepyTests */,
				3A54621E2353CC9800BC7EAD /* SleepyUITests */,
			);
		};
/* End PBXProject section */

/* Begin PBXResourcesBuildPhase section */
		3A5461FC2353CC9700BC7EAD /* Resources */ = {
			isa = PBXResourcesBuildPhase;
			buildActionMask = 2147483647;
			files = (
				3A54620E2353CC9800BC7EAD /* LaunchScreen.storyboard in Resources */,
				3A15788D2359782300D91FA1 /* Assets.xcassets in Resources */,
				3A5462092353CC9700BC7EAD /* Main.storyboard in Resources */,
			);
			runOnlyForDeploymentPostprocessing = 0;
		};
		3A5462122353CC9800BC7EAD /* Resources */ = {
			isa = PBXResourcesBuildPhase;
			buildActionMask = 2147483647;
			files = (
			);
			runOnlyForDeploymentPostprocessing = 0;
		};
		3A54621D2353CC9800BC7EAD /* Resources */ = {
			isa = PBXResourcesBuildPhase;
			buildActionMask = 2147483647;
			files = (
			);
			runOnlyForDeploymentPostprocessing = 0;
		};
/* End PBXResourcesBuildPhase section */

/* Begin PBXSourcesBuildPhase section */
		3A5461FA2353CC9700BC7EAD /* Sources */ = {
			isa = PBXSourcesBuildPhase;
			buildActionMask = 2147483647;
			files = (
				3A5462062353CC9700BC7EAD /* ViewController.swift in Sources */,
				3A5462022353CC9700BC7EAD /* AppDelegate.swift in Sources */,
				3A5462042353CC9700BC7EAD /* SceneDelegate.swift in Sources */,
			);
			runOnlyForDeploymentPostprocessing = 0;
		};
		3A5462102353CC9800BC7EAD /* Sources */ = {
			isa = PBXSourcesBuildPhase;
			buildActionMask = 2147483647;
			files = (
				3A5462192353CC9800BC7EAD /* SleepyTests.swift in Sources */,
			);
			runOnlyForDeploymentPostprocessing = 0;
		};
		3A54621B2353CC9800BC7EAD /* Sources */ = {
			isa = PBXSourcesBuildPhase;
			buildActionMask = 2147483647;
			files = (
				3A5462242353CC9800BC7EAD /* SleepyUITests.swift in Sources */,
			);
			runOnlyForDeploymentPostprocessing = 0;
		};
/* End PBXSourcesBuildPhase section */

/* Begin PBXTargetDependency section */
		3A5462162353CC9800BC7EAD /* PBXTargetDependency */ = {
			isa = PBXTargetDependency;
			target = 3A5461FD2353CC9700BC7EAD /* Sleepy */;
			targetProxy = 3A5462152353CC9800BC7EAD /* PBXContainerItemProxy */;
		};
		3A5462212353CC9800BC7EAD /* PBXTargetDependency */ = {
			isa = PBXTargetDependency;
			target = 3A5461FD2353CC9700BC7EAD /* Sleepy */;
			targetProxy = 3A5462202353CC9800BC7EAD /* PBXContainerItemProxy */;
		};
/* End PBXTargetDependency section */

/* Begin PBXVariantGroup section */
		3A5462072353CC9700BC7EAD /* Main.storyboard */ = {
			isa = PBXVariantGroup;
			children = (
				3A5462082353CC9700BC7EAD /* Base */,
			);
			name = Main.storyboard;
			sourceTree = "<group>";
		};
		3A54620C2353CC9800BC7EAD /* LaunchScreen.storyboard */ = {
			isa = PBXVariantGroup;
			children = (
				3A54620D2353CC9800BC7EAD /* Base */,
			);
			name = LaunchScreen.storyboard;
			sourceTree = "<group>";
		};
/* End PBXVariantGroup section */

/* Begin XCBuildConfiguration section */
		3A5462262353CC9800BC7EAD /* Debug */ = {
			isa = XCBuildConfiguration;
			buildSettings = {
				ALWAYS_SEARCH_USER_PATHS = NO;
				CLANG_ANALYZER_NONNULL = YES;
				CLANG_ANALYZER_NUMBER_OBJECT_CONVERSION = YES_AGGRESSIVE;
				CLANG_CXX_LANGUAGE_STANDARD = "gnu++14";
				CLANG_CXX_LIBRARY = "libc++";
				CLANG_ENABLE_MODULES = YES;
				CLANG_ENABLE_OBJC_ARC = YES;
				CLANG_ENABLE_OBJC_WEAK = YES;
				CLANG_WARN_BLOCK_CAPTURE_AUTORELEASING = YES;
				CLANG_WARN_BOOL_CONVERSION = YES;
				CLANG_WARN_COMMA = YES;
				CLANG_WARN_CONSTANT_CONVERSION = YES;
				CLANG_WARN_DEPRECATED_OBJC_IMPLEMENTATIONS = YES;
				CLANG_WARN_DIRECT_OBJC_ISA_USAGE = YES_ERROR;
				CLANG_WARN_DOCUMENTATION_COMMENTS = YES;
				CLANG_WARN_EMPTY_BODY = YES;
				CLANG_WARN_ENUM_CONVERSION = YES;
				CLANG_WARN_INFINITE_RECURSION = YES;
				CLANG_WARN_INT_CONVERSION = YES;
				CLANG_WARN_NON_LITERAL_NULL_CONVERSION = YES;
				CLANG_WARN_OBJC_IMPLICIT_RETAIN_SELF = YES;
				CLANG_WARN_OBJC_LITERAL_CONVERSION = YES;
				CLANG_WARN_OBJC_ROOT_CLASS = YES_ERROR;
				CLANG_WARN_RANGE_LOOP_ANALYSIS = YES;
				CLANG_WARN_STRICT_PROTOTYPES = YES;
				CLANG_WARN_SUSPICIOUS_MOVE = YES;
				CLANG_WARN_UNGUARDED_AVAILABILITY = YES_AGGRESSIVE;
				CLANG_WARN_UNREACHABLE_CODE = YES;
				CLANG_WARN__DUPLICATE_METHOD_MATCH = YES;
				COPY_PHASE_STRIP = NO;
				DEBUG_INFORMATION_FORMAT = dwarf;
				ENABLE_STRICT_OBJC_MSGSEND = YES;
				ENABLE_TESTABILITY = YES;
				GCC_C_LANGUAGE_STANDARD = gnu11;
				GCC_DYNAMIC_NO_PIC = NO;
				GCC_NO_COMMON_BLOCKS = YES;
				GCC_OPTIMIZATION_LEVEL = 0;
				GCC_PREPROCESSOR_DEFINITIONS = (
					"DEBUG=1",
					"$(inherited)",
				);
				GCC_WARN_64_TO_32_BIT_CONVERSION = YES;
				GCC_WARN_ABOUT_RETURN_TYPE = YES_ERROR;
				GCC_WARN_UNDECLARED_SELECTOR = YES;
				GCC_WARN_UNINITIALIZED_AUTOS = YES_AGGRESSIVE;
				GCC_WARN_UNUSED_FUNCTION = YES;
				GCC_WARN_UNUSED_VARIABLE = YES;
				IPHONEOS_DEPLOYMENT_TARGET = 13.0;
				MTL_ENABLE_DEBUG_INFO = INCLUDE_SOURCE;
				MTL_FAST_MATH = YES;
				ONLY_ACTIVE_ARCH = YES;
				SDKROOT = iphoneos;
				SWIFT_ACTIVE_COMPILATION_CONDITIONS = DEBUG;
				SWIFT_OPTIMIZATION_LEVEL = "-Onone";
			};
			name = Debug;
		};
		3A5462272353CC9800BC7EAD /* Release */ = {
			isa = XCBuildConfiguration;
			buildSettings = {
				ALWAYS_SEARCH_USER_PATHS = NO;
				CLANG_ANALYZER_NONNULL = YES;
				CLANG_ANALYZER_NUMBER_OBJECT_CONVERSION = YES_AGGRESSIVE;
				CLANG_CXX_LANGUAGE_STANDARD = "gnu++14";
				CLANG_CXX_LIBRARY = "libc++";
				CLANG_ENABLE_MODULES = YES;
				CLANG_ENABLE_OBJC_ARC = YES;
				CLANG_ENABLE_OBJC_WEAK = YES;
				CLANG_WARN_BLOCK_CAPTURE_AUTORELEASING = YES;
				CLANG_WARN_BOOL_CONVERSION = YES;
				CLANG_WARN_COMMA = YES;
				CLANG_WARN_CONSTANT_CONVERSION = YES;
				CLANG_WARN_DEPRECATED_OBJC_IMPLEMENTATIONS = YES;
				CLANG_WARN_DIRECT_OBJC_ISA_USAGE = YES_ERROR;
				CLANG_WARN_DOCUMENTATION_COMMENTS = YES;
				CLANG_WARN_EMPTY_BODY = YES;
				CLANG_WARN_ENUM_CONVERSION = YES;
				CLANG_WARN_INFINITE_RECURSION = YES;
				CLANG_WARN_INT_CONVERSION = YES;
				CLANG_WARN_NON_LITERAL_NULL_CONVERSION = YES;
				CLANG_WARN_OBJC_IMPLICIT_RETAIN_SELF = YES;
				CLANG_WARN_OBJC_LITERAL_CONVERSION = YES;
				CLANG_WARN_OBJC_ROOT_CLASS = YES_ERROR;
				CLANG_WARN_RANGE_LOOP_ANALYSIS = YES;
				CLANG_WARN_STRICT_PROTOTYPES = YES;
				CLANG_WARN_SUSPICIOUS_MOVE = YES;
				CLANG_WARN_UNGUARDED_AVAILABILITY = YES_AGGRESSIVE;
				CLANG_WARN_UNREACHABLE_CODE = YES;
				CLANG_WARN__DUPLICATE_METHOD_MATCH = YES;
				COPY_PHASE_STRIP = NO;
				DEBUG_INFORMATION_FORMAT = "dwarf-with-dsym";
				ENABLE_NS_ASSERTIONS = NO;
				ENABLE_STRICT_OBJC_MSGSEND = YES;
				GCC_C_LANGUAGE_STANDARD = gnu11;
				GCC_NO_COMMON_BLOCKS = YES;
				GCC_WARN_64_TO_32_BIT_CONVERSION = YES;
				GCC_WARN_ABOUT_RETURN_TYPE = YES_ERROR;
				GCC_WARN_UNDECLARED_SELECTOR = YES;
				GCC_WARN_UNINITIALIZED_AUTOS = YES_AGGRESSIVE;
				GCC_WARN_UNUSED_FUNCTION = YES;
				GCC_WARN_UNUSED_VARIABLE = YES;
				IPHONEOS_DEPLOYMENT_TARGET = 13.0;
				MTL_ENABLE_DEBUG_INFO = NO;
				MTL_FAST_MATH = YES;
				SDKROOT = iphoneos;
				SWIFT_COMPILATION_MODE = wholemodule;
				SWIFT_OPTIMIZATION_LEVEL = "-O";
				VALIDATE_PRODUCT = YES;
			};
			name = Release;
		};
		3A5462292353CC9800BC7EAD /* Debug */ = {
			isa = XCBuildConfiguration;
			buildSettings = {
				ASSETCATALOG_COMPILER_APPICON_NAME = AppIcon;
				CODE_SIGN_STYLE = Automatic;
				DEVELOPMENT_TEAM = 3868R87QJX;
				INFOPLIST_FILE = Sleepy/Info.plist;
				LD_RUNPATH_SEARCH_PATHS = (
					"$(inherited)",
					"@executable_path/Frameworks",
				);
				PRODUCT_BUNDLE_IDENTIFIER = com.rrakhlin.Sleepy;
				PRODUCT_NAME = "$(TARGET_NAME)";
				SWIFT_VERSION = 5.0;
				TARGETED_DEVICE_FAMILY = 1;
			};
			name = Debug;
		};
		3A54622A2353CC9800BC7EAD /* Release */ = {
			isa = XCBuildConfiguration;
			buildSettings = {
				ASSETCATALOG_COMPILER_APPICON_NAME = AppIcon;
				CODE_SIGN_STYLE = Automatic;
				DEVELOPMENT_TEAM = 3868R87QJX;
				INFOPLIST_FILE = Sleepy/Info.plist;
				LD_RUNPATH_SEARCH_PATHS = (
					"$(inherited)",
					"@executable_path/Frameworks",
				);
				PRODUCT_BUNDLE_IDENTIFIER = com.rrakhlin.Sleepy;
				PRODUCT_NAME = "$(TARGET_NAME)";
				SWIFT_VERSION = 5.0;
				TARGETED_DEVICE_FAMILY = 1;
			};
			name = Release;
		};
		3A54622C2353CC9800BC7EAD /* Debug */ = {
			isa = XCBuildConfiguration;
			buildSettings = {
				ALWAYS_EMBED_SWIFT_STANDARD_LIBRARIES = YES;
				BUNDLE_LOADER = "$(TEST_HOST)";
				CODE_SIGN_STYLE = Automatic;
				DEVELOPMENT_TEAM = 3868R87QJX;
				INFOPLIST_FILE = SleepyTests/Info.plist;
				IPHONEOS_DEPLOYMENT_TARGET = 13.0;
				LD_RUNPATH_SEARCH_PATHS = (
					"$(inherited)",
					"@executable_path/Frameworks",
					"@loader_path/Frameworks",
				);
				PRODUCT_BUNDLE_IDENTIFIER = com.rrakhlin.SleepyTests;
				PRODUCT_NAME = "$(TARGET_NAME)";
				SWIFT_VERSION = 5.0;
				TARGETED_DEVICE_FAMILY = "1,2";
				TEST_HOST = "$(BUILT_PRODUCTS_DIR)/Sleepy.app/Sleepy";
			};
			name = Debug;
		};
		3A54622D2353CC9800BC7EAD /* Release */ = {
			isa = XCBuildConfiguration;
			buildSettings = {
				ALWAYS_EMBED_SWIFT_STANDARD_LIBRARIES = YES;
				BUNDLE_LOADER = "$(TEST_HOST)";
				CODE_SIGN_STYLE = Automatic;
				DEVELOPMENT_TEAM = 3868R87QJX;
				INFOPLIST_FILE = SleepyTests/Info.plist;
				IPHONEOS_DEPLOYMENT_TARGET = 13.0;
				LD_RUNPATH_SEARCH_PATHS = (
					"$(inherited)",
					"@executable_path/Frameworks",
					"@loader_path/Frameworks",
				);
				PRODUCT_BUNDLE_IDENTIFIER = com.rrakhlin.SleepyTests;
				PRODUCT_NAME = "$(TARGET_NAME)";
				SWIFT_VERSION = 5.0;
				TARGETED_DEVICE_FAMILY = "1,2";
				TEST_HOST = "$(BUILT_PRODUCTS_DIR)/Sleepy.app/Sleepy";
			};
			name = Release;
		};
		3A54622F2353CC9800BC7EAD /* Debug */ = {
			isa = XCBuildConfiguration;
			buildSettings = {
				ALWAYS_EMBED_SWIFT_STANDARD_LIBRARIES = YES;
				CODE_SIGN_STYLE = Automatic;
				DEVELOPMENT_TEAM = 3868R87QJX;
				INFOPLIST_FILE = SleepyUITests/Info.plist;
				LD_RUNPATH_SEARCH_PATHS = (
					"$(inherited)",
					"@executable_path/Frameworks",
					"@loader_path/Frameworks",
				);
				PRODUCT_BUNDLE_IDENTIFIER = com.rrakhlin.SleepyUITests;
				PRODUCT_NAME = "$(TARGET_NAME)";
				SWIFT_VERSION = 5.0;
				TARGETED_DEVICE_FAMILY = "1,2";
				TEST_TARGET_NAME = Sleepy;
			};
			name = Debug;
		};
		3A5462302353CC9800BC7EAD /* Release */ = {
			isa = XCBuildConfiguration;
			buildSettings = {
				ALWAYS_EMBED_SWIFT_STANDARD_LIBRARIES = YES;
				CODE_SIGN_STYLE = Automatic;
				DEVELOPMENT_TEAM = 3868R87QJX;
				INFOPLIST_FILE = SleepyUITests/Info.plist;
				LD_RUNPATH_SEARCH_PATHS = (
					"$(inherited)",
					"@executable_path/Frameworks",
					"@loader_path/Frameworks",
				);
				PRODUCT_BUNDLE_IDENTIFIER = com.rrakhlin.SleepyUITests;
				PRODUCT_NAME = "$(TARGET_NAME)";
				SWIFT_VERSION = 5.0;
				TARGETED_DEVICE_FAMILY = "1,2";
				TEST_TARGET_NAME = Sleepy;
			};
			name = Release;
		};
/* End XCBuildConfiguration section */

/* Begin XCConfigurationList section */
		3A5461F92353CC9700BC7EAD /* Build configuration list for PBXProject "Sleepy" */ = {
			isa = XCConfigurationList;
			buildConfigurations = (
				3A5462262353CC9800BC7EAD /* Debug */,
				3A5462272353CC9800BC7EAD /* Release */,
			);
			defaultConfigurationIsVisible = 0;
			defaultConfigurationName = Release;
		};
		3A5462282353CC9800BC7EAD /* Build configuration list for PBXNativeTarget "Sleepy" */ = {
			isa = XCConfigurationList;
			buildConfigurations = (
				3A5462292353CC9800BC7EAD /* Debug */,
				3A54622A2353CC9800BC7EAD /* Release */,
			);
			defaultConfigurationIsVisible = 0;
			defaultConfigurationName = Release;
		};
		3A54622B2353CC9800BC7EAD /* Build configuration list for PBXNativeTarget "SleepyTests" */ = {
			isa = XCConfigurationList;
			buildConfigurations = (
				3A54622C2353CC9800BC7EAD /* Debug */,
				3A54622D2353CC9800BC7EAD /* Release */,
			);
			defaultConfigurationIsVisible = 0;
			defaultConfigurationName = Release;
		};
		3A54622E2353CC9800BC7EAD /* Build configuration list for PBXNativeTarget "SleepyUITests" */ = {
			isa = XCConfigurationList;
			buildConfigurations = (
				3A54622F2353CC9800BC7EAD /* Debug */,
				3A5462302353CC9800BC7EAD /* Release */,
			);
			defaultConfigurationIsVisible = 0;
			defaultConfigurationName = Release;
		};
/* End XCConfigurationList section */
	};
	rootObject = 3A5461F62353CC9700BC7EAD /* Project object */;
}
